
Microsoft Visual Studio Solution File, Format Version 12.00
# Visual Studio Version 17
VisualStudioVersion = 17.7.34221.43
MinimumVisualStudioVersion = 10.0.40219.1
Project("{9A19103F-16F7-4668-BE54-9A1E7A4F7556}") = "UsersAuthenticationJWT", "UsersAuthenticationJWT\UsersAuthenticationJWT.csproj", "{24BB144F-F7E8-4A26-8AC9-7940D8454B9B}"
EndProject
Project("{FAE04EC0-301F-11D3-BF4B-00C04F79EFBC}") = "UsersAuthenticationJWT.Tests", "UsersAuthenticationJWT.Tests\UsersAuthenticationJWT.Tests.csproj", "{62524937-595C-42A1-A4D1-90986D2C26B6}"
EndProject
Global
	GlobalSection(SolutionConfigurationPlatforms) = preSolution
		Debug|Any CPU = Debug|Any CPU
		Release|Any CPU = Release|Any CPU
	EndGlobalSection
	GlobalSection(ProjectConfigurationPlatforms) = postSolution
		{24BB144F-F7E8-4A26-8AC9-7940D8454B9B}.Debug|Any CPU.ActiveCfg = Debug|Any CPU
		{24BB144F-F7E8-4A26-8AC9-7940D8454B9B}.Debug|Any CPU.Build.0 = Debug|Any CPU
		{24BB144F-F7E8-4A26-8AC9-7940D8454B9B}.Release|Any CPU.ActiveCfg = Release|Any CPU
		{24BB144F-F7E8-4A26-8AC9-7940D8454B9B}.Release|Any CPU.Build.0 = Release|Any CPU
		{62524937-595C-42A1-A4D1-90986D2C26B6}.Debug|Any CPU.ActiveCfg = Debug|Any CPU
		{62524937-595C-42A1-A4D1-90986D2C26B6}.Debug|Any CPU.Build.0 = Debug|Any CPU
		{62524937-595C-42A1-A4D1-90986D2C26B6}.Release|Any CPU.ActiveCfg = Release|Any CPU
		{62524937-595C-42A1-A4D1-90986D2C26B6}.Release|Any CPU.Build.0 = Release|Any CPU
	EndGlobalSection
	GlobalSection(SolutionProperties) = preSolution
		HideSolutionNode = FALSE
	EndGlobalSection
	GlobalSection(ExtensibilityGlobals) = postSolution
		SolutionGuid = {95BB3723-9B4A-4973-BA1A-5E843B59F1A4}
	EndGlobalSection
EndGlobal
